
Microsoft Visual Studio Solution File, Format Version 12.00
# Visual Studio Version 16
VisualStudioVersion = 16.0.31702.278
MinimumVisualStudioVersion = 10.0.40219.1
Project("{FAE04EC0-301F-11D3-BF4B-00C04F79EFBC}") = "Sha256", "Sha256\Sha256.csproj", "{BCE63D6C-0F2B-42DA-86F8-C975711ECDB2}"
EndProject
Global
	GlobalSection(SolutionConfigurationPlatforms) = preSolution
		Debug|Any CPU = Debug|Any CPU
		Release|Any CPU = Release|Any CPU
	EndGlobalSection
	GlobalSection(ProjectConfigurationPlatforms) = postSolution
		{BCE63D6C-0F2B-42DA-86F8-C975711ECDB2}.Debug|Any CPU.ActiveCfg = Debug|Any CPU
		{BCE63D6C-0F2B-42DA-86F8-C975711ECDB2}.Debug|Any CPU.Build.0 = Debug|Any CPU
		{BCE63D6C-0F2B-42DA-86F8-C975711ECDB2}.Release|Any CPU.ActiveCfg = Release|Any CPU
		{BCE63D6C-0F2B-42DA-86F8-C975711ECDB2}.Release|Any CPU.Build.0 = Release|Any CPU
	EndGlobalSection
	GlobalSection(SolutionProperties) = preSolution
		HideSolutionNode = FALSE
	EndGlobalSection
	GlobalSection(ExtensibilityGlobals) = postSolution
		SolutionGuid = {5D8C7956-1599-49F1-9E3E-915B957951C7}
	EndGlobalSection
EndGlobal
